
Microsoft Visual Studio Solution File, Format Version 12.00
# Visual Studio Version 16
VisualStudioVersion = 16.0.29609.76
MinimumVisualStudioVersion = 10.0.40219.1
Project("{FAE04EC0-301F-11D3-BF4B-00C04F79EFBC}") = "StrategyPattern_TShirt", "StrategyPattern_TShirt\StrategyPattern_TShirt.csproj", "{212027CF-1736-4501-909C-4B0B203B37A1}"
EndProject
Global
	GlobalSection(SolutionConfigurationPlatforms) = preSolution
		Debug|Any CPU = Debug|Any CPU
		Release|Any CPU = Release|Any CPU
	EndGlobalSection
	GlobalSection(ProjectConfigurationPlatforms) = postSolution
		{212027CF-1736-4501-909C-4B0B203B37A1}.Debug|Any CPU.ActiveCfg = Debug|Any CPU
		{212027CF-1736-4501-909C-4B0B203B37A1}.Debug|Any CPU.Build.0 = Debug|Any CPU
		{212027CF-1736-4501-909C-4B0B203B37A1}.Release|Any CPU.ActiveCfg = Release|Any CPU
		{212027CF-1736-4501-909C-4B0B203B37A1}.Release|Any CPU.Build.0 = Release|Any CPU
	EndGlobalSection
	GlobalSection(SolutionProperties) = preSolution
		HideSolutionNode = FALSE
	EndGlobalSection
	GlobalSection(ExtensibilityGlobals) = postSolution
		SolutionGuid = {C01A2C7A-8F24-4509-8533-1EB8C677CC64}
	EndGlobalSection
EndGlobal
